
Microsoft Visual Studio Solution File, Format Version 12.00
# Visual Studio Version 17
VisualStudioVersion = 17.4.32804.182
MinimumVisualStudioVersion = 10.0.40219.1
Project("{FAE04EC0-301F-11D3-BF4B-00C04F79EFBC}") = "Libreria.Conexion", "Libreria.Conexion\Libreria.Conexion.csproj", "{94044F5F-D0F6-4BF2-951A-C12741462F36}"
EndProject
Project("{FAE04EC0-301F-11D3-BF4B-00C04F79EFBC}") = "Libreria.ERP", "Libreria.Catalogos\Libreria.ERP.csproj", "{D6EAFEE7-650B-4CF5-8D24-BAE4744A90BC}"
EndProject
Project("{FAE04EC0-301F-11D3-BF4B-00C04F79EFBC}") = "ERP_WebAPI", "ERP_WebAPI\ERP_WebAPI.csproj", "{00A58FA1-206B-4437-BF98-799B92970CF3}"
EndProject
Global
	GlobalSection(SolutionConfigurationPlatforms) = preSolution
		Debug|Any CPU = Debug|Any CPU
		Release|Any CPU = Release|Any CPU
	EndGlobalSection
	GlobalSection(ProjectConfigurationPlatforms) = postSolution
		{94044F5F-D0F6-4BF2-951A-C12741462F36}.Debug|Any CPU.ActiveCfg = Debug|Any CPU
		{94044F5F-D0F6-4BF2-951A-C12741462F36}.Debug|Any CPU.Build.0 = Debug|Any CPU
		{94044F5F-D0F6-4BF2-951A-C12741462F36}.Release|Any CPU.ActiveCfg = Release|Any CPU
		{94044F5F-D0F6-4BF2-951A-C12741462F36}.Release|Any CPU.Build.0 = Release|Any CPU
		{D6EAFEE7-650B-4CF5-8D24-BAE4744A90BC}.Debug|Any CPU.ActiveCfg = Debug|Any CPU
		{D6EAFEE7-650B-4CF5-8D24-BAE4744A90BC}.Debug|Any CPU.Build.0 = Debug|Any CPU
		{D6EAFEE7-650B-4CF5-8D24-BAE4744A90BC}.Release|Any CPU.ActiveCfg = Release|Any CPU
		{D6EAFEE7-650B-4CF5-8D24-BAE4744A90BC}.Release|Any CPU.Build.0 = Release|Any CPU
		{00A58FA1-206B-4437-BF98-799B92970CF3}.Debug|Any CPU.ActiveCfg = Debug|Any CPU
		{00A58FA1-206B-4437-BF98-799B92970CF3}.Debug|Any CPU.Build.0 = Debug|Any CPU
		{00A58FA1-206B-4437-BF98-799B92970CF3}.Release|Any CPU.ActiveCfg = Release|Any CPU
		{00A58FA1-206B-4437-BF98-799B92970CF3}.Release|Any CPU.Build.0 = Release|Any CPU
	EndGlobalSection
	GlobalSection(SolutionProperties) = preSolution
		HideSolutionNode = FALSE
	EndGlobalSection
	GlobalSection(ExtensibilityGlobals) = postSolution
		SolutionGuid = {636BE000-C3F3-4154-8238-8BF6E322A2B7}
	EndGlobalSection
EndGlobal
